
Microsoft Visual Studio Solution File, Format Version 12.00
Project("{FAE04EC0-301F-11D3-BF4B-00C04F79EFBC}") = "SearchService", "SearchService\SearchService.csproj", "{E31C1EAE-7A5E-4C46-9BBD-DDC55E5F431B}"
EndProject
Global
	GlobalSection(SolutionConfigurationPlatforms) = preSolution
		Debug|Any CPU = Debug|Any CPU
		Release|Any CPU = Release|Any CPU
	EndGlobalSection
	GlobalSection(ProjectConfigurationPlatforms) = postSolution
		{E31C1EAE-7A5E-4C46-9BBD-DDC55E5F431B}.Debug|Any CPU.ActiveCfg = Debug|Any CPU
		{E31C1EAE-7A5E-4C46-9BBD-DDC55E5F431B}.Debug|Any CPU.Build.0 = Debug|Any CPU
		{E31C1EAE-7A5E-4C46-9BBD-DDC55E5F431B}.Release|Any CPU.ActiveCfg = Release|Any CPU
		{E31C1EAE-7A5E-4C46-9BBD-DDC55E5F431B}.Release|Any CPU.Build.0 = Release|Any CPU
	EndGlobalSection
EndGlobal
